
Microsoft Visual Studio Solution File, Format Version 12.00
# Visual Studio Version 16
VisualStudioVersion = 16.0.30907.101
MinimumVisualStudioVersion = 10.0.40219.1
Project("{FAE04EC0-301F-11D3-BF4B-00C04F79EFBC}") = "M2LinkXamarin.Android", "M2LinkXamarin\M2LinkXamarin.Android\M2LinkXamarin.Android.csproj", "{DE4FEEAC-A9FA-4AE7-9616-4568026A066B}"
EndProject
Project("{FAE04EC0-301F-11D3-BF4B-00C04F79EFBC}") = "M2LinkXamarin.iOS", "M2LinkXamarin\M2LinkXamarin.iOS\M2LinkXamarin.iOS.csproj", "{E93995BF-B525-4A16-9C48-20EFFB418ADC}"
EndProject
Project("{FAE04EC0-301F-11D3-BF4B-00C04F79EFBC}") = "M2LinkXamarin", "M2LinkXamarin\M2LinkXamarin\M2LinkXamarin.csproj", "{D8F5CB65-AC48-4503-811D-68D2DD3BB9E0}"
EndProject
Global
	GlobalSection(SolutionConfigurationPlatforms) = preSolution
		Debug|Any CPU = Debug|Any CPU
		Debug|iPhone = Debug|iPhone
		Debug|iPhoneSimulator = Debug|iPhoneSimulator
		Release|Any CPU = Release|Any CPU
		Release|iPhone = Release|iPhone
		Release|iPhoneSimulator = Release|iPhoneSimulator
	EndGlobalSection
	GlobalSection(ProjectConfigurationPlatforms) = postSolution
		{DE4FEEAC-A9FA-4AE7-9616-4568026A066B}.Debug|Any CPU.ActiveCfg = Debug|Any CPU
		{DE4FEEAC-A9FA-4AE7-9616-4568026A066B}.Debug|Any CPU.Build.0 = Debug|Any CPU
		{DE4FEEAC-A9FA-4AE7-9616-4568026A066B}.Debug|Any CPU.Deploy.0 = Debug|Any CPU
		{DE4FEEAC-A9FA-4AE7-9616-4568026A066B}.Debug|iPhone.ActiveCfg = Debug|Any CPU
		{DE4FEEAC-A9FA-4AE7-9616-4568026A066B}.Debug|iPhone.Build.0 = Debug|Any CPU
		{DE4FEEAC-A9FA-4AE7-9616-4568026A066B}.Debug|iPhone.Deploy.0 = Debug|Any CPU
		{DE4FEEAC-A9FA-4AE7-9616-4568026A066B}.Debug|iPhoneSimulator.ActiveCfg = Debug|Any CPU
		{DE4FEEAC-A9FA-4AE7-9616-4568026A066B}.Debug|iPhoneSimulator.Build.0 = Debug|Any CPU
		{DE4FEEAC-A9FA-4AE7-9616-4568026A066B}.Debug|iPhoneSimulator.Deploy.0 = Debug|Any CPU
		{DE4FEEAC-A9FA-4AE7-9616-4568026A066B}.Release|Any CPU.ActiveCfg = Release|Any CPU
		{DE4FEEAC-A9FA-4AE7-9616-4568026A066B}.Release|Any CPU.Build.0 = Release|Any CPU
		{DE4FEEAC-A9FA-4AE7-9616-4568026A066B}.Release|Any CPU.Deploy.0 = Release|Any CPU
		{DE4FEEAC-A9FA-4AE7-9616-4568026A066B}.Release|iPhone.ActiveCfg = Release|Any CPU
		{DE4FEEAC-A9FA-4AE7-9616-4568026A066B}.Release|iPhone.Build.0 = Release|Any CPU
		{DE4FEEAC-A9FA-4AE7-9616-4568026A066B}.Release|iPhone.Deploy.0 = Release|Any CPU
		{DE4FEEAC-A9FA-4AE7-9616-4568026A066B}.Release|iPhoneSimulator.ActiveCfg = Release|Any CPU
		{DE4FEEAC-A9FA-4AE7-9616-4568026A066B}.Release|iPhoneSimulator.Build.0 = Release|Any CPU
		{DE4FEEAC-A9FA-4AE7-9616-4568026A066B}.Release|iPhoneSimulator.Deploy.0 = Release|Any CPU
		{E93995BF-B525-4A16-9C48-20EFFB418ADC}.Debug|Any CPU.ActiveCfg = Debug|iPhone
		{E93995BF-B525-4A16-9C48-20EFFB418ADC}.Debug|Any CPU.Build.0 = Debug|iPhone
		{E93995BF-B525-4A16-9C48-20EFFB418ADC}.Debug|Any CPU.Deploy.0 = Debug|iPhone
		{E93995BF-B525-4A16-9C48-20EFFB418ADC}.Debug|iPhone.ActiveCfg = Debug|iPhone
		{E93995BF-B525-4A16-9C48-20EFFB418ADC}.Debug|iPhone.Build.0 = Debug|iPhone
		{E93995BF-B525-4A16-9C48-20EFFB418ADC}.Debug|iPhone.Deploy.0 = Debug|iPhone
		{E93995BF-B525-4A16-9C48-20EFFB418ADC}.Debug|iPhoneSimulator.ActiveCfg = Debug|iPhoneSimulator
		{E93995BF-B525-4A16-9C48-20EFFB418ADC}.Debug|iPhoneSimulator.Build.0 = Debug|iPhoneSimulator
		{E93995BF-B525-4A16-9C48-20EFFB418ADC}.Debug|iPhoneSimulator.Deploy.0 = Debug|iPhoneSimulator
		{E93995BF-B525-4A16-9C48-20EFFB418ADC}.Release|Any CPU.ActiveCfg = Release|iPhoneSimulator
		{E93995BF-B525-4A16-9C48-20EFFB418ADC}.Release|Any CPU.Build.0 = Release|iPhoneSimulator
		{E93995BF-B525-4A16-9C48-20EFFB418ADC}.Release|Any CPU.Deploy.0 = Release|iPhoneSimulator
		{E93995BF-B525-4A16-9C48-20EFFB418ADC}.Release|iPhone.ActiveCfg = Release|iPhone
		{E93995BF-B525-4A16-9C48-20EFFB418ADC}.Release|iPhone.Build.0 = Release|iPhone
		{E93995BF-B525-4A16-9C48-20EFFB418ADC}.Release|iPhone.Deploy.0 = Release|iPhone
		{E93995BF-B525-4A16-9C48-20EFFB418ADC}.Release|iPhoneSimulator.ActiveCfg = Release|iPhoneSimulator
		{E93995BF-B525-4A16-9C48-20EFFB418ADC}.Release|iPhoneSimulator.Build.0 = Release|iPhoneSimulator
		{E93995BF-B525-4A16-9C48-20EFFB418ADC}.Release|iPhoneSimulator.Deploy.0 = Release|iPhoneSimulator
		{D8F5CB65-AC48-4503-811D-68D2DD3BB9E0}.Debug|Any CPU.ActiveCfg = Debug|Any CPU
		{D8F5CB65-AC48-4503-811D-68D2DD3BB9E0}.Debug|Any CPU.Build.0 = Debug|Any CPU
		{D8F5CB65-AC48-4503-811D-68D2DD3BB9E0}.Debug|Any CPU.Deploy.0 = Debug|Any CPU
		{D8F5CB65-AC48-4503-811D-68D2DD3BB9E0}.Debug|iPhone.ActiveCfg = Debug|Any CPU
		{D8F5CB65-AC48-4503-811D-68D2DD3BB9E0}.Debug|iPhone.Build.0 = Debug|Any CPU
		{D8F5CB65-AC48-4503-811D-68D2DD3BB9E0}.Debug|iPhone.Deploy.0 = Debug|Any CPU
		{D8F5CB65-AC48-4503-811D-68D2DD3BB9E0}.Debug|iPhoneSimulator.ActiveCfg = Debug|Any CPU
		{D8F5CB65-AC48-4503-811D-68D2DD3BB9E0}.Debug|iPhoneSimulator.Build.0 = Debug|Any CPU
		{D8F5CB65-AC48-4503-811D-68D2DD3BB9E0}.Debug|iPhoneSimulator.Deploy.0 = Debug|Any CPU
		{D8F5CB65-AC48-4503-811D-68D2DD3BB9E0}.Release|Any CPU.ActiveCfg = Release|Any CPU
		{D8F5CB65-AC48-4503-811D-68D2DD3BB9E0}.Release|Any CPU.Build.0 = Release|Any CPU
		{D8F5CB65-AC48-4503-811D-68D2DD3BB9E0}.Release|Any CPU.Deploy.0 = Release|Any CPU
		{D8F5CB65-AC48-4503-811D-68D2DD3BB9E0}.Release|iPhone.ActiveCfg = Release|Any CPU
		{D8F5CB65-AC48-4503-811D-68D2DD3BB9E0}.Release|iPhone.Build.0 = Release|Any CPU
		{D8F5CB65-AC48-4503-811D-68D2DD3BB9E0}.Release|iPhone.Deploy.0 = Release|Any CPU
		{D8F5CB65-AC48-4503-811D-68D2DD3BB9E0}.Release|iPhoneSimulator.ActiveCfg = Release|Any CPU
		{D8F5CB65-AC48-4503-811D-68D2DD3BB9E0}.Release|iPhoneSimulator.Build.0 = Release|Any CPU
		{D8F5CB65-AC48-4503-811D-68D2DD3BB9E0}.Release|iPhoneSimulator.Deploy.0 = Release|Any CPU
	EndGlobalSection
	GlobalSection(SolutionProperties) = preSolution
		HideSolutionNode = FALSE
	EndGlobalSection
	GlobalSection(ExtensibilityGlobals) = postSolution
		SolutionGuid = {7D8E78EA-7E94-4671-B467-0BC7E67EDB6A}
	EndGlobalSection
EndGlobal
